// !$*UTF8*$!
{
	archiveVersion = 1;
	classes = {
	};
	objectVersion = 48;
	objects = {

/* Begin PBXBuildFile section */
		731EF2FD1EFD17220076A58E /* PlaySoundsViewController+Audio.swift in Sources */ = {isa = PBXBuildFile; fileRef = 731EF2FC1EFD17220076A58E /* PlaySoundsViewController+Audio.swift */; };
		735697451EFCA01D00DDB887 /* AppDelegate.swift in Sources */ = {isa = PBXBuildFile; fileRef = 735697441EFCA01D00DDB887 /* AppDelegate.swift */; };
		735697471EFCA01D00DDB887 /* RecordSoundsViewController.swift in Sources */ = {isa = PBXBuildFile; fileRef = 735697461EFCA01D00DDB887 /* RecordSoundsViewController.swift */; };
		7356974A1EFCA01D00DDB887 /* Main.storyboard in Resources */ = {isa = PBXBuildFile; fileRef = 735697481EFCA01D00DDB887 /* Main.storyboard */; };
		7356974C1EFCA01D00DDB887 /* Assets.xcassets in Resources */ = {isa = PBXBuildFile; fileRef = 7356974B1EFCA01D00DDB887 /* Assets.xcassets */; };
		7356974F1EFCA01D00DDB887 /* LaunchScreen.storyboard in Resources */ = {isa = PBXBuildFile; fileRef = 7356974D1EFCA01D00DDB887 /* LaunchScreen.storyboard */; };
		735697591EFCA05B00DDB887 /* AudioToolbox.framework in Frameworks */ = {isa = PBXBuildFile; fileRef = 735697581EFCA05B00DDB887 /* AudioToolbox.framework */; };
		73B7D0951EFD12A7008537D3 /* PlaySoundsViewController.swift in Sources */ = {isa = PBXBuildFile; fileRef = 73B7D0941EFD12A7008537D3 /* PlaySoundsViewController.swift */; };
/* End PBXBuildFile section */

/* Begin PBXFileReference section */
		731EF2FC1EFD17220076A58E /* PlaySoundsViewController+Audio.swift */ = {isa = PBXFileReference; fileEncoding = 4; lastKnownFileType = sourcecode.swift; path = "PlaySoundsViewController+Audio.swift"; sourceTree = "<group>"; };
		735697411EFCA01D00DDB887 /* Disguise.app */ = {isa = PBXFileReference; explicitFileType = wrapper.application; includeInIndex = 0; path = Disguise.app; sourceTree = BUILT_PRODUCTS_DIR; };
		735697441EFCA01D00DDB887 /* AppDelegate.swift */ = {isa = PBXFileReference; lastKnownFileType = sourcecode.swift; path = AppDelegate.swift; sourceTree = "<group>"; };
		735697461EFCA01D00DDB887 /* RecordSoundsViewController.swift */ = {isa = PBXFileReference; lastKnownFileType = sourcecode.swift; path = RecordSoundsViewController.swift; sourceTree = "<group>"; };
		735697491EFCA01D00DDB887 /* Base */ = {isa = PBXFileReference; lastKnownFileType = file.storyboard; name = Base; path = Base.lproj/Main.storyboard; sourceTree = "<group>"; };
		7356974B1EFCA01D00DDB887 /* Assets.xcassets */ = {isa = PBXFileReference; lastKnownFileType = folder.assetcatalog; path = Assets.xcassets; sourceTree = "<group>"; };
		7356974E1EFCA01D00DDB887 /* Base */ = {isa = PBXFileReference; lastKnownFileType = file.storyboard; name = Base; path = Base.lproj/LaunchScreen.storyboard; sourceTree = "<group>"; };
		735697501EFCA01D00DDB887 /* Info.plist */ = {isa = PBXFileReference; lastKnownFileType = text.plist.xml; path = Info.plist; sourceTree = "<group>"; };
		735697561EFCA05B00DDB887 /* Disguise.entitlements */ = {isa = PBXFileReference; lastKnownFileType = text.plist.entitlements; path = Disguise.entitlements; sourceTree = "<group>"; };
		735697581EFCA05B00DDB887 /* AudioToolbox.framework */ = {isa = PBXFileReference; lastKnownFileType = wrapper.framework; name = AudioToolbox.framework; path = System/Library/Frameworks/AudioToolbox.framework; sourceTree = SDKROOT; };
		73B7D0941EFD12A7008537D3 /* PlaySoundsViewController.swift */ = {isa = PBXFileReference; fileEncoding = 4; lastKnownFileType = sourcecode.swift; path = PlaySoundsViewController.swift; sourceTree = "<group>"; };
/* End PBXFileReference section */

/* Begin PBXFrameworksBuildPhase section */
		7356973E1EFCA01D00DDB887 /* Frameworks */ = {
			isa = PBXFrameworksBuildPhase;
			buildActionMask = 2147483647;
			files = (
				735697591EFCA05B00DDB887 /* AudioToolbox.framework in Frameworks */,
			);
			runOnlyForDeploymentPostprocessing = 0;
		};
/* End PBXFrameworksBuildPhase section */

/* Begin PBXGroup section */
		735697381EFCA01D00DDB887 = {
			isa = PBXGroup;
			children = (
				735697431EFCA01D00DDB887 /* Disguise */,
				735697421EFCA01D00DDB887 /* Products */,
				735697571EFCA05B00DDB887 /* Frameworks */,
			);
			sourceTree = "<group>";
		};
		735697421EFCA01D00DDB887 /* Products */ = {
			isa = PBXGroup;
			children = (
				735697411EFCA01D00DDB887 /* Disguise.app */,
			);
			name = Products;
			sourceTree = "<group>";
		};
		735697431EFCA01D00DDB887 /* Disguise */ = {
			isa = PBXGroup;
			children = (
				735697561EFCA05B00DDB887 /* Disguise.entitlements */,
				735697441EFCA01D00DDB887 /* AppDelegate.swift */,
				735697461EFCA01D00DDB887 /* RecordSoundsViewController.swift */,
				73B7D0941EFD12A7008537D3 /* PlaySoundsViewController.swift */,
				731EF2FC1EFD17220076A58E /* PlaySoundsViewController+Audio.swift */,
				735697481EFCA01D00DDB887 /* Main.storyboard */,
				7356974B1EFCA01D00DDB887 /* Assets.xcassets */,
				7356974D1EFCA01D00DDB887 /* LaunchScreen.storyboard */,
				735697501EFCA01D00DDB887 /* Info.plist */,
			);
			path = Disguise;
			sourceTree = "<group>";
		};
		735697571EFCA05B00DDB887 /* Frameworks */ = {
			isa = PBXGroup;
			children = (
				735697581EFCA05B00DDB887 /* AudioToolbox.framework */,
			);
			name = Frameworks;
			sourceTree = "<group>";
		};
/* End PBXGroup section */

/* Begin PBXNativeTarget section */
		735697401EFCA01D00DDB887 /* Disguise */ = {
			isa = PBXNativeTarget;
			buildConfigurationList = 735697531EFCA01D00DDB887 /* Build configuration list for PBXNativeTarget "Disguise" */;
			buildPhases = (
				7356973D1EFCA01D00DDB887 /* Sources */,
				7356973E1EFCA01D00DDB887 /* Frameworks */,
				7356973F1EFCA01D00DDB887 /* Resources */,
			);
			buildRules = (
			);
			dependencies = (
			);
			name = Disguise;
			productName = Disguise;
			productReference = 735697411EFCA01D00DDB887 /* Disguise.app */;
			productType = "com.apple.product-type.application";
		};
/* End PBXNativeTarget section */

/* Begin PBXProject section */
		735697391EFCA01D00DDB887 /* Project object */ = {
			isa = PBXProject;
			attributes = {
				LastSwiftUpdateCheck = 0900;
				LastUpgradeCheck = 0900;
				ORGANIZATIONNAME = "Arshin Jain";
				TargetAttributes = {
					735697401EFCA01D00DDB887 = {
						CreatedOnToolsVersion = 9.0;
						SystemCapabilities = {
							com.apple.InterAppAudio = {
								enabled = 1;
							};
						};
					};
				};
			};
			buildConfigurationList = 7356973C1EFCA01D00DDB887 /* Build configuration list for PBXProject "Disguise" */;
			compatibilityVersion = "Xcode 8.0";
			developmentRegion = en;
			hasScannedForEncodings = 0;
			knownRegions = (
				en,
				Base,
			);
			mainGroup = 735697381EFCA01D00DDB887;
			productRefGroup = 735697421EFCA01D00DDB887 /* Products */;
			projectDirPath = "";
			projectRoot = "";
			targets = (
				735697401EFCA01D00DDB887 /* Disguise */,
			);
		};
/* End PBXProject section */

/* Begin PBXResourcesBuildPhase section */
		7356973F1EFCA01D00DDB887 /* Resources */ = {
			isa = PBXResourcesBuildPhase;
			buildActionMask = 2147483647;
			files = (
				7356974F1EFCA01D00DDB887 /* LaunchScreen.storyboard in Resources */,
				7356974C1EFCA01D00DDB887 /* Assets.xcassets in Resources */,
				7356974A1EFCA01D00DDB887 /* Main.storyboard in Resources */,
			);
			runOnlyForDeploymentPostprocessing = 0;
		};
/* End PBXResourcesBuildPhase section */

/* Begin PBXSourcesBuildPhase section */
		7356973D1EFCA01D00DDB887 /* Sources */ = {
			isa = PBXSourcesBuildPhase;
			buildActionMask = 2147483647;
			files = (
				735697471EFCA01D00DDB887 /* RecordSoundsViewController.swift in Sources */,
				731EF2FD1EFD17220076A58E /* PlaySoundsViewController+Audio.swift in Sources */,
				73B7D0951EFD12A7008537D3 /* PlaySoundsViewController.swift in Sources */,
				735697451EFCA01D00DDB887 /* AppDelegate.swift in Sources */,
			);
			runOnlyForDeploymentPostprocessing = 0;
		};
/* End PBXSourcesBuildPhase section */

/* Begin PBXVariantGroup section */
		735697481EFCA01D00DDB887 /* Main.storyboard */ = {
			isa = PBXVariantGroup;
			children = (
				735697491EFCA01D00DDB887 /* Base */,
			);
			name = Main.storyboard;
			sourceTree = "<group>";
		};
		7356974D1EFCA01D00DDB887 /* LaunchScreen.storyboard */ = {
			isa = PBXVariantGroup;
			children = (
				7356974E1EFCA01D00DDB887 /* Base */,
			);
			name = LaunchScreen.storyboard;
			sourceTree = "<group>";
		};
/* End PBXVariantGroup section */

/* Begin XCBuildConfiguration section */
		735697511EFCA01D00DDB887 /* Debug */ = {
			isa = XCBuildConfiguration;
			buildSettings = {
				ALWAYS_SEARCH_USER_PATHS = NO;
				CLANG_ANALYZER_NONNULL = YES;
				CLANG_ANALYZER_NUMBER_OBJECT_CONVERSION = YES_AGGRESSIVE;
				CLANG_CXX_LANGUAGE_STANDARD = "gnu++14";
				CLANG_CXX_LIBRARY = "libc++";
				CLANG_ENABLE_MODULES = YES;
				CLANG_ENABLE_OBJC_ARC = YES;
				CLANG_WARN_BLOCK_CAPTURE_AUTORELEASING = YES;
				CLANG_WARN_BOOL_CONVERSION = YES;
				CLANG_WARN_COMMA = YES;
				CLANG_WARN_CONSTANT_CONVERSION = YES;
				CLANG_WARN_DIRECT_OBJC_ISA_USAGE = YES_ERROR;
				CLANG_WARN_DOCUMENTATION_COMMENTS = YES;
				CLANG_WARN_EMPTY_BODY = YES;
				CLANG_WARN_ENUM_CONVERSION = YES;
				CLANG_WARN_INFINITE_RECURSION = YES;
				CLANG_WARN_INT_CONVERSION = YES;
				CLANG_WARN_OBJC_ROOT_CLASS = YES_ERROR;
				CLANG_WARN_RANGE_LOOP_ANALYSIS = YES;
				CLANG_WARN_STRICT_PROTOTYPES = YES;
				CLANG_WARN_SUSPICIOUS_MOVE = YES;
				CLANG_WARN_UNGUARDED_AVAILABILITY = YES_AGGRESSIVE;
				CLANG_WARN_UNREACHABLE_CODE = YES;
				CLANG_WARN__DUPLICATE_METHOD_MATCH = YES;
				CODE_SIGN_IDENTITY = "iPhone Developer";
				COPY_PHASE_STRIP = NO;
				DEBUG_INFORMATION_FORMAT = dwarf;
				ENABLE_STRICT_OBJC_MSGSEND = YES;
				ENABLE_TESTABILITY = YES;
				GCC_C_LANGUAGE_STANDARD = gnu11;
				GCC_DYNAMIC_NO_PIC = NO;
				GCC_NO_COMMON_BLOCKS = YES;
				GCC_OPTIMIZATION_LEVEL = 0;
				GCC_PREPROCESSOR_DEFINITIONS = (
					"DEBUG=1",
					"$(inherited)",
				);
				GCC_WARN_64_TO_32_BIT_CONVERSION = YES;
				GCC_WARN_ABOUT_RETURN_TYPE = YES_ERROR;
				GCC_WARN_UNDECLARED_SELECTOR = YES;
				GCC_WARN_UNINITIALIZED_AUTOS = YES_AGGRESSIVE;
				GCC_WARN_UNUSED_FUNCTION = YES;
				GCC_WARN_UNUSED_VARIABLE = YES;
				IPHONEOS_DEPLOYMENT_TARGET = 11.0;
				MTL_ENABLE_DEBUG_INFO = YES;
				ONLY_ACTIVE_ARCH = YES;
				SDKROOT = iphoneos;
				SWIFT_ACTIVE_COMPILATION_CONDITIONS = DEBUG;
				SWIFT_OPTIMIZATION_LEVEL = "-Onone";
			};
			name = Debug;
		};
		735697521EFCA01D00DDB887 /* Release */ = {
			isa = XCBuildConfiguration;
			buildSettings = {
				ALWAYS_SEARCH_USER_PATHS = NO;
				CLANG_ANALYZER_NONNULL = YES;
				CLANG_ANALYZER_NUMBER_OBJECT_CONVERSION = YES_AGGRESSIVE;
				CLANG_CXX_LANGUAGE_STANDARD = "gnu++14";
				CLANG_CXX_LIBRARY = "libc++";
				CLANG_ENABLE_MODULES = YES;
				CLANG_ENABLE_OBJC_ARC = YES;
				CLANG_WARN_BLOCK_CAPTURE_AUTORELEASING = YES;
				CLANG_WARN_BOOL_CONVERSION = YES;
				CLANG_WARN_COMMA = YES;
				CLANG_WARN_CONSTANT_CONVERSION = YES;
				CLANG_WARN_DIRECT_OBJC_ISA_USAGE = YES_ERROR;
				CLANG_WARN_DOCUMENTATION_COMMENTS = YES;
				CLANG_WARN_EMPTY_BODY = YES;
				CLANG_WARN_ENUM_CONVERSION = YES;
				CLANG_WARN_INFINITE_RECURSION = YES;
				CLANG_WARN_INT_CONVERSION = YES;
				CLANG_WARN_OBJC_ROOT_CLASS = YES_ERROR;
				CLANG_WARN_RANGE_LOOP_ANALYSIS = YES;
				CLANG_WARN_STRICT_PROTOTYPES = YES;
				CLANG_WARN_SUSPICIOUS_MOVE = YES;
				CLANG_WARN_UNGUARDED_AVAILABILITY = YES_AGGRESSIVE;
				CLANG_WARN_UNREACHABLE_CODE = YES;
				CLANG_WARN__DUPLICATE_METHOD_MATCH = YES;
				CODE_SIGN_IDENTITY = "iPhone Developer";
				COPY_PHASE_STRIP = NO;
				DEBUG_INFORMATION_FORMAT = "dwarf-with-dsym";
				ENABLE_NS_ASSERTIONS = NO;
				ENABLE_STRICT_OBJC_MSGSEND = YES;
				GCC_C_LANGUAGE_STANDARD = gnu11;
				GCC_NO_COMMON_BLOCKS = YES;
				GCC_WARN_64_TO_32_BIT_CONVERSION = YES;
				GCC_WARN_ABOUT_RETURN_TYPE = YES_ERROR;
				GCC_WARN_UNDECLARED_SELECTOR = YES;
				GCC_WARN_UNINITIALIZED_AUTOS = YES_AGGRESSIVE;
				GCC_WARN_UNUSED_FUNCTION = YES;
				GCC_WARN_UNUSED_VARIABLE = YES;
				IPHONEOS_DEPLOYMENT_TARGET = 11.0;
				MTL_ENABLE_DEBUG_INFO = NO;
				SDKROOT = iphoneos;
				SWIFT_OPTIMIZATION_LEVEL = "-Owholemodule";
				VALIDATE_PRODUCT = YES;
			};
			name = Release;
		};
		735697541EFCA01D00DDB887 /* Debug */ = {
			isa = XCBuildConfiguration;
			buildSettings = {
				ALWAYS_EMBED_SWIFT_STANDARD_LIBRARIES = YES;
				ASSETCATALOG_COMPILER_APPICON_NAME = AppIcon;
				CODE_SIGN_ENTITLEMENTS = Disguise/Disguise.entitlements;
				DEVELOPMENT_TEAM = "";
				INFOPLIST_FILE = Disguise/Info.plist;
				IPHONEOS_DEPLOYMENT_TARGET = 10.0;
				LD_RUNPATH_SEARCH_PATHS = "$(inherited) @executable_path/Frameworks";
				PRODUCT_BUNDLE_IDENTIFIER = com.Arshin.Disguise;
				PRODUCT_NAME = "$(TARGET_NAME)";
				SWIFT_VERSION = 3.0;
				TARGETED_DEVICE_FAMILY = "1,2";
			};
			name = Debug;
		};
		735697551EFCA01D00DDB887 /* Release */ = {
			isa = XCBuildConfiguration;
			buildSettings = {
				ALWAYS_EMBED_SWIFT_STANDARD_LIBRARIES = YES;
				ASSETCATALOG_COMPILER_APPICON_NAME = AppIcon;
				CODE_SIGN_ENTITLEMENTS = Disguise/Disguise.entitlements;
				DEVELOPMENT_TEAM = "";
				INFOPLIST_FILE = Disguise/Info.plist;
				IPHONEOS_DEPLOYMENT_TARGET = 10.0;
				LD_RUNPATH_SEARCH_PATHS = "$(inherited) @executable_path/Frameworks";
				PRODUCT_BUNDLE_IDENTIFIER = com.Arshin.Disguise;
				PRODUCT_NAME = "$(TARGET_NAME)";
				SWIFT_VERSION = 3.0;
				TARGETED_DEVICE_FAMILY = "1,2";
			};
			name = Release;
		};
/* End XCBuildConfiguration section */

/* Begin XCConfigurationList section */
		7356973C1EFCA01D00DDB887 /* Build configuration list for PBXProject "Disguise" */ = {
			isa = XCConfigurationList;
			buildConfigurations = (
				735697511EFCA01D00DDB887 /* Debug */,
				735697521EFCA01D00DDB887 /* Release */,
			);
			defaultConfigurationIsVisible = 0;
			defaultConfigurationName = Release;
		};
		735697531EFCA01D00DDB887 /* Build configuration list for PBXNativeTarget "Disguise" */ = {
			isa = XCConfigurationList;
			buildConfigurations = (
				735697541EFCA01D00DDB887 /* Debug */,
				735697551EFCA01D00DDB887 /* Release */,
			);
			defaultConfigurationIsVisible = 0;
			defaultConfigurationName = Release;
		};
/* End XCConfigurationList section */
	};
	rootObject = 735697391EFCA01D00DDB887 /* Project object */;
}
